Microsoft Visual Studio Solution File, Format Version 12.00
# Visual Studio 2012
Project("{FAE04EC0-301F-11D3-BF4B-00C04F79EFBC}") = "LanderRLV2", "LanderRLV2.csproj", "{37060E4D-D147-49D0-A540-39A47DD2E352}"
EndProject
Global
	GlobalSection(SolutionConfigurationPlatforms) = preSolution
	Debug|Any CPU = Debug|Any CPU
	ExportDebug|Any CPU = ExportDebug|Any CPU
	ExportRelease|Any CPU = ExportRelease|Any CPU
	EndGlobalSection
	GlobalSection(ProjectConfigurationPlatforms) = postSolution
		{37060E4D-D147-49D0-A540-39A47DD2E352}.Debug|Any CPU.ActiveCfg = Debug|Any CPU
		{37060E4D-D147-49D0-A540-39A47DD2E352}.Debug|Any CPU.Build.0 = Debug|Any CPU
		{37060E4D-D147-49D0-A540-39A47DD2E352}.ExportDebug|Any CPU.ActiveCfg = ExportDebug|Any CPU
		{37060E4D-D147-49D0-A540-39A47DD2E352}.ExportDebug|Any CPU.Build.0 = ExportDebug|Any CPU
		{37060E4D-D147-49D0-A540-39A47DD2E352}.ExportRelease|Any CPU.ActiveCfg = ExportRelease|Any CPU
		{37060E4D-D147-49D0-A540-39A47DD2E352}.ExportRelease|Any CPU.Build.0 = ExportRelease|Any CPU
	EndGlobalSection
EndGlobal
